
Microsoft Visual Studio Solution File, Format Version 12.00
# Visual Studio Version 16
VisualStudioVersion = 16.0.30204.135
MinimumVisualStudioVersion = 10.0.40219.1
Project("{FAE04EC0-301F-11D3-BF4B-00C04F79EFBC}") = "FoodCourt", "FoodCourt\FoodCourt.csproj", "{CFB6697D-4BDA-4626-8393-52E43B995EDC}"
EndProject
Project("{FAE04EC0-301F-11D3-BF4B-00C04F79EFBC}") = "FoodCourt.DAL", "FoodCourt.DAL\FoodCourt.DAL.csproj", "{144B98AE-A008-4078-8242-53B7D06F19E2}"
EndProject
Global
	GlobalSection(SolutionConfigurationPlatforms) = preSolution
		Debug|Any CPU = Debug|Any CPU
		Release|Any CPU = Release|Any CPU
	EndGlobalSection
	GlobalSection(ProjectConfigurationPlatforms) = postSolution
		{CFB6697D-4BDA-4626-8393-52E43B995EDC}.Debug|Any CPU.ActiveCfg = Debug|Any CPU
		{CFB6697D-4BDA-4626-8393-52E43B995EDC}.Debug|Any CPU.Build.0 = Debug|Any CPU
		{CFB6697D-4BDA-4626-8393-52E43B995EDC}.Release|Any CPU.ActiveCfg = Release|Any CPU
		{CFB6697D-4BDA-4626-8393-52E43B995EDC}.Release|Any CPU.Build.0 = Release|Any CPU
		{144B98AE-A008-4078-8242-53B7D06F19E2}.Debug|Any CPU.ActiveCfg = Debug|Any CPU
		{144B98AE-A008-4078-8242-53B7D06F19E2}.Debug|Any CPU.Build.0 = Debug|Any CPU
		{144B98AE-A008-4078-8242-53B7D06F19E2}.Release|Any CPU.ActiveCfg = Release|Any CPU
		{144B98AE-A008-4078-8242-53B7D06F19E2}.Release|Any CPU.Build.0 = Release|Any CPU
	EndGlobalSection
	GlobalSection(SolutionProperties) = preSolution
		HideSolutionNode = FALSE
	EndGlobalSection
	GlobalSection(ExtensibilityGlobals) = postSolution
		SolutionGuid = {D2FD7D86-05CA-49FE-B135-07ECC1C9F9D1}
	EndGlobalSection
EndGlobal
